{"name":"personal-website","lockfileVersion":2,"requires":true,"packages":{"":{"dependencies":{"plotly.js-dist":"^2.16.3","slick-carousel":"^1.8.1"}},"node_modules/jquery":{"version":"3.6.1","resolved":"https://registry.npmjs.org/jquery/-/jquery-3.6.1.tgz","integrity":"sha512-opJeO4nCucVnsjiXOE+/PcCgYw9Gwpvs/a6B1LL/lQhwWwpbVEVYDZ1FokFr8PRc7ghYlrFPuyHuiiDNTQxmcw==","peer":true},"node_modules/plotly.js-dist":{"version":"2.16.3","resolved":"https://registry.npmjs.org/plotly.js-dist/-/plotly.js-dist-2.16.3.tgz","integrity":"sha512-upP3vECxni3iCU9RZmcBEAyx5vX98axgY13o34DlVWqrol9dGM8UGRymfE7MwUs77O65ryW3U3quzYSYzQaz8w=="},"node_modules/slick-carousel":{"version":"1.8.1","resolved":"https://registry.npmjs.org/slick-carousel/-/slick-carousel-1.8.1.tgz","integrity":"sha512-XB9Ftrf2EEKfzoQXt3Nitrt/IPbT+f1fgqBdoxO3W/+JYvtEOW6EgxnWfr9GH6nmULv7Y2tPmEX3koxThVmebA==","peerDependencies":{"jquery":">=1.8.0"}}},"dependencies":{"jquery":{"version":"3.6.1","resolved":"https://registry.npmjs.org/jquery/-/jquery-3.6.1.tgz","integrity":"sha512-opJeO4nCucVnsjiXOE+/PcCgYw9Gwpvs/a6B1LL/lQhwWwpbVEVYDZ1FokFr8PRc7ghYlrFPuyHuiiDNTQxmcw==","peer":true},"plotly.js-dist":{"version":"2.16.3","resolved":"https://registry.npmjs.org/plotly.js-dist/-/plotly.js-dist-2.16.3.tgz","integrity":"sha512-upP3vECxni3iCU9RZmcBEAyx5vX98axgY13o34DlVWqrol9dGM8UGRymfE7MwUs77O65ryW3U3quzYSYzQaz8w=="},"slick-carousel":{"version":"1.8.1","resolved":"https://registry.npmjs.org/slick-carousel/-/slick-carousel-1.8.1.tgz","integrity":"sha512-XB9Ftrf2EEKfzoQXt3Nitrt/IPbT+f1fgqBdoxO3W/+JYvtEOW6EgxnWfr9GH6nmULv7Y2tPmEX3koxThVmebA==","requires":{}}}}